Microsoft Visual Studio Solution File, Format Version 12.00
# Visual Studio Version 16
VisualStudioVersion = 16.0.29009.5
MinimumVisualStudioVersion = 15.0.26124.0
Project("{9A19103F-16F7-4668-BE54-9A1E7A4F7556}") = "FastHash", "FastHash\FastHash.csproj", "{5D8C2186-9160-4D3A-8944-4F6CD0E38A25}"
EndProject
Project("{9A19103F-16F7-4668-BE54-9A1E7A4F7556}") = "FastHash.Benchmarks", "FastHash.Benchmarks\FastHash.Benchmarks.csproj", "{797CE9C9-9ED6-4DE7-B01B-9C53A49B3490}"
EndProject
Project("{9A19103F-16F7-4668-BE54-9A1E7A4F7556}") = "FastHash.Tests", "FastHash.Tests\FastHash.Tests.csproj", "{20FF2DA6-D0C4-4D5A-83F8-C48F8146EA71}"
EndProject
Project("{2150E333-8FDC-42A3-9474-1A3956D46DE8}") = "_Items", "_Items", "{59D2E407-9063-417D-BBEA-B496190E8725}"
	ProjectSection(SolutionItems) = preProject
		..\.gitattributes = ..\.gitattributes
		..\.gitignore = ..\.gitignore
		..\Directory.Build.props = ..\Directory.Build.props
		..\LICENSE.txt = ..\LICENSE.txt
		..\README.md = ..\README.md
		..\ProjectInfo.props = ..\ProjectInfo.props
		..\Directory.Build.targets = ..\Directory.Build.targets
		..\Directory.Packages.props = ..\Directory.Packages.props
	EndProjectSection
EndProject
Project("{2150E333-8FDC-42A3-9474-1A3956D46DE8}") = "_Imports", "_Imports", "{CA1FCD5F-3C9D-42DD-8050-6AADFAAD38D1}"
	ProjectSection(SolutionItems) = preProject
		..\imports\Project_Application.props = ..\imports\Project_Application.props
		..\imports\Project_Benchmark.props = ..\imports\Project_Benchmark.props
		..\imports\Project_Example.props = ..\imports\Project_Example.props
		..\imports\Project_Library.props = ..\imports\Project_Library.props
		..\imports\Project_Test.props = ..\imports\Project_Test.props
	EndProjectSection
EndProject
Global
	GlobalSection(SolutionConfigurationPlatforms) = preSolution
		Debug|Any CPU = Debug|Any CPU
		Release|Any CPU = Release|Any CPU
	EndGlobalSection
	GlobalSection(ProjectConfigurationPlatforms) = postSolution
		{5D8C2186-9160-4D3A-8944-4F6CD0E38A25}.Debug|Any CPU.ActiveCfg = Debug|Any CPU
		{5D8C2186-9160-4D3A-8944-4F6CD0E38A25}.Debug|Any CPU.Build.0 = Debug|Any CPU
		{5D8C2186-9160-4D3A-8944-4F6CD0E38A25}.Release|Any CPU.ActiveCfg = Release|Any CPU
		{5D8C2186-9160-4D3A-8944-4F6CD0E38A25}.Release|Any CPU.Build.0 = Release|Any CPU
		{797CE9C9-9ED6-4DE7-B01B-9C53A49B3490}.Debug|Any CPU.ActiveCfg = Debug|Any CPU
		{797CE9C9-9ED6-4DE7-B01B-9C53A49B3490}.Debug|Any CPU.Build.0 = Debug|Any CPU
		{797CE9C9-9ED6-4DE7-B01B-9C53A49B3490}.Release|Any CPU.ActiveCfg = Release|Any CPU
		{797CE9C9-9ED6-4DE7-B01B-9C53A49B3490}.Release|Any CPU.Build.0 = Release|Any CPU
		{20FF2DA6-D0C4-4D5A-83F8-C48F8146EA71}.Debug|Any CPU.ActiveCfg = Debug|Any CPU
		{20FF2DA6-D0C4-4D5A-83F8-C48F8146EA71}.Debug|Any CPU.Build.0 = Debug|Any CPU
		{20FF2DA6-D0C4-4D5A-83F8-C48F8146EA71}.Release|Any CPU.ActiveCfg = Release|Any CPU
		{20FF2DA6-D0C4-4D5A-83F8-C48F8146EA71}.Release|Any CPU.Build.0 = Release|Any CPU
	EndGlobalSection
	GlobalSection(SolutionProperties) = preSolution
		HideSolutionNode = FALSE
	EndGlobalSection
	GlobalSection(ExtensibilityGlobals) = postSolution
		SolutionGuid = {375BED7D-1091-4E58-A2FE-D0C46C36ED9B}
	EndGlobalSection
EndGlobal
